// !$*UTF8*$!
{
	archiveVersion = 1;
	classes = {
	};
	objectVersion = 46;
	objects = {

/* Begin PBXBuildFile section */
		832B13A21E9D620100BD36EE /* CharactersViewController.swift in Sources */ = {isa = PBXBuildFile; fileRef = 832B13A01E9D620100BD36EE /* CharactersViewController.swift */; };
		832B13A31E9D620100BD36EE /* CharactersViewController.xib in Resources */ = {isa = PBXBuildFile; fileRef = 832B13A11E9D620100BD36EE /* CharactersViewController.xib */; };
		832B13A51E9D649800BD36EE /* CustomTransition.swift in Sources */ = {isa = PBXBuildFile; fileRef = 832B13A41E9D649800BD36EE /* CustomTransition.swift */; };
		832B13A81E9D670700BD36EE /* CharacterCell.swift in Sources */ = {isa = PBXBuildFile; fileRef = 832B13A61E9D670700BD36EE /* CharacterCell.swift */; };
		832B13A91E9D670700BD36EE /* CharacterCell.xib in Resources */ = {isa = PBXBuildFile; fileRef = 832B13A71E9D670700BD36EE /* CharacterCell.xib */; };
		832B13AC1E9D6BFF00BD36EE /* InventoryItemCell.swift in Sources */ = {isa = PBXBuildFile; fileRef = 832B13AA1E9D6BFF00BD36EE /* InventoryItemCell.swift */; };
		832B13AD1E9D6BFF00BD36EE /* InventoryItemCell.xib in Resources */ = {isa = PBXBuildFile; fileRef = 832B13AB1E9D6BFF00BD36EE /* InventoryItemCell.xib */; };
		832B13B01E9D868800BD36EE /* ItemList.swift in Sources */ = {isa = PBXBuildFile; fileRef = 832B13AF1E9D868800BD36EE /* ItemList.swift */; };
		8352CC3D1E9E86DD004E8949 /* Main.storyboard in Resources */ = {isa = PBXBuildFile; fileRef = 8352CC3C1E9E86DD004E8949 /* Main.storyboard */; };
		8352CC3F1E9E8C41004E8949 /* EditCharacterController.swift in Sources */ = {isa = PBXBuildFile; fileRef = 8352CC3E1E9E8C41004E8949 /* EditCharacterController.swift */; };
		8352CC411E9E95FD004E8949 /* InventoryDetailController.swift in Sources */ = {isa = PBXBuildFile; fileRef = 8352CC401E9E95FD004E8949 /* InventoryDetailController.swift */; };
		8352CC451E9EC84F004E8949 /* Post.swift in Sources */ = {isa = PBXBuildFile; fileRef = 8352CC441E9EC84F004E8949 /* Post.swift */; };
		8352CC471E9F1386004E8949 /* ItemsViewController.swift in Sources */ = {isa = PBXBuildFile; fileRef = 8352CC461E9F1386004E8949 /* ItemsViewController.swift */; };
		8352CC4A1E9F1BC7004E8949 /* ItemViewCell.swift in Sources */ = {isa = PBXBuildFile; fileRef = 8352CC481E9F1BC7004E8949 /* ItemViewCell.swift */; };
		8352CC4B1E9F1BC7004E8949 /* ItemViewCell.xib in Resources */ = {isa = PBXBuildFile; fileRef = 8352CC491E9F1BC7004E8949 /* ItemViewCell.xib */; };
		8389DA901E9D8A4A007F37D5 /* CharacterCreationController.swift in Sources */ = {isa = PBXBuildFile; fileRef = 8389DA8E1E9D8A4A007F37D5 /* CharacterCreationController.swift */; };
		8389DA911E9D8A4A007F37D5 /* CharacterCreationController.xib in Resources */ = {isa = PBXBuildFile; fileRef = 8389DA8F1E9D8A4A007F37D5 /* CharacterCreationController.xib */; };
		83CB37221E9BD6F400B6FEA6 /* AppDelegate.swift in Sources */ = {isa = PBXBuildFile; fileRef = 83CB37211E9BD6F400B6FEA6 /* AppDelegate.swift */; };
		83CB37241E9BD6F400B6FEA6 /* ViewController.swift in Sources */ = {isa = PBXBuildFile; fileRef = 83CB37231E9BD6F400B6FEA6 /* ViewController.swift */; };
		83CB37291E9BD6F400B6FEA6 /* Assets.xcassets in Resources */ = {isa = PBXBuildFile; fileRef = 83CB37281E9BD6F400B6FEA6 /* Assets.xcassets */; };
		83CB372C1E9BD6F400B6FEA6 /* LaunchScreen.storyboard in Resources */ = {isa = PBXBuildFile; fileRef = 83CB372A1E9BD6F400B6FEA6 /* LaunchScreen.storyboard */; };
		83CB37381E9BE3AE00B6FEA6 /* tokens.swift in Sources */ = {isa = PBXBuildFile; fileRef = 83CB37371E9BE3AE00B6FEA6 /* tokens.swift */; };
		83CB373A1E9BE65600B6FEA6 /* ObsidianPortal.swift in Sources */ = {isa = PBXBuildFile; fileRef = 83CB37391E9BE65600B6FEA6 /* ObsidianPortal.swift */; };
		83CB373C1E9BE7D200B6FEA6 /* User.swift in Sources */ = {isa = PBXBuildFile; fileRef = 83CB373B1E9BE7D200B6FEA6 /* User.swift */; };
		83CB37401E9BE7FD00B6FEA6 /* Character.swift in Sources */ = {isa = PBXBuildFile; fileRef = 83CB373F1E9BE7FD00B6FEA6 /* Character.swift */; };
		83D911541E9C214A00E1F9C7 /* OAuthSwift.framework in Frameworks */ = {isa = PBXBuildFile; fileRef = 83D911531E9C214A00E1F9C7 /* OAuthSwift.framework */; };
		83D911561E9C217000E1F9C7 /* OAuthSwift.framework in CopyFiles */ = {isa = PBXBuildFile; fileRef = 83D911531E9C214A00E1F9C7 /* OAuthSwift.framework */; settings = {ATTRIBUTES = (CodeSignOnCopy, RemoveHeadersOnCopy, ); }; };
		83D9115A1E9C3FE800E1F9C7 /* FoundationExtensions.swift in Sources */ = {isa = PBXBuildFile; fileRef = 83D911591E9C3FE800E1F9C7 /* FoundationExtensions.swift */; };
		83D9115C1E9D375B00E1F9C7 /* ItemInventory.json in Resources */ = {isa = PBXBuildFile; fileRef = 83D9115B1E9D375B00E1F9C7 /* ItemInventory.json */; };
		83D911631E9D45D100E1F9C7 /* CharacterDetailController.swift in Sources */ = {isa = PBXBuildFile; fileRef = 83D911611E9D45D100E1F9C7 /* CharacterDetailController.swift */; };
		83D911641E9D45D100E1F9C7 /* CharacterDetailController.xib in Resources */ = {isa = PBXBuildFile; fileRef = 83D911621E9D45D100E1F9C7 /* CharacterDetailController.xib */; };
		83D9116B1E9D486500E1F9C7 /* CharacterGalleryController.swift in Sources */ = {isa = PBXBuildFile; fileRef = 83D911691E9D486500E1F9C7 /* CharacterGalleryController.swift */; };
		83D9116C1E9D486500E1F9C7 /* CharacterGalleryController.xib in Resources */ = {isa = PBXBuildFile; fileRef = 83D9116A1E9D486500E1F9C7 /* CharacterGalleryController.xib */; };
		83D9116E1E9D4C9F00E1F9C7 /* CharacterGalleryFlowLayout.swift in Sources */ = {isa = PBXBuildFile; fileRef = 83D9116D1E9D4C9F00E1F9C7 /* CharacterGalleryFlowLayout.swift */; };
		83D911741E9D4DCC00E1F9C7 /* UIExtensions.swift in Sources */ = {isa = PBXBuildFile; fileRef = 83D911731E9D4DCC00E1F9C7 /* UIExtensions.swift */; };
		C8523CAF1E9D47980004652C /* InventoryTableViewController.swift in Sources */ = {isa = PBXBuildFile; fileRef = C8523CAD1E9D47980004652C /* InventoryTableViewController.swift */; };
		C8523CB01E9D47980004652C /* InventoryTableViewController.xib in Resources */ = {isa = PBXBuildFile; fileRef = C8523CAE1E9D47980004652C /* InventoryTableViewController.xib */; };
		C8523CB21E9D6E510004652C /* ItemCell.swift in Sources */ = {isa = PBXBuildFile; fileRef = C8523CB11E9D6E500004652C /* ItemCell.swift */; };
		EFA2EA341E9D5D2E00AFEE91 /* CloudKit.framework in Frameworks */ = {isa = PBXBuildFile; fileRef = EFA2EA331E9D5D2E00AFEE91 /* CloudKit.framework */; };
		EFA2EA361E9D708300AFEE91 /* CloudKit.swift in Sources */ = {isa = PBXBuildFile; fileRef = EFA2EA351E9D708300AFEE91 /* CloudKit.swift */; };
		EFA2EA521E9E76AA00AFEE91 /* CampaignsTableViewController.swift in Sources */ = {isa = PBXBuildFile; fileRef = EFA2EA501E9E76AA00AFEE91 /* CampaignsTableViewController.swift */; };
		EFA2EA531E9E76AA00AFEE91 /* CampaignsTableViewController.xib in Resources */ = {isa = PBXBuildFile; fileRef = EFA2EA511E9E76AA00AFEE91 /* CampaignsTableViewController.xib */; };
		EFA2EA561E9E8C3000AFEE91 /* CampaignsCell.swift in Sources */ = {isa = PBXBuildFile; fileRef = EFA2EA541E9E8C3000AFEE91 /* CampaignsCell.swift */; };
		EFA2EA571E9E8C3000AFEE91 /* CampaignsCell.xib in Resources */ = {isa = PBXBuildFile; fileRef = EFA2EA551E9E8C3000AFEE91 /* CampaignsCell.xib */; };
		EFA7D9111E9C1869009C41DB /* Item.swift in Sources */ = {isa = PBXBuildFile; fileRef = EFA7D9101E9C1869009C41DB /* Item.swift */; };
		EFA7D9131E9C21A9009C41DB /* JSONParser.swift in Sources */ = {isa = PBXBuildFile; fileRef = EFA7D9121E9C21A9009C41DB /* JSONParser.swift */; };
/* End PBXBuildFile section */

/* Begin PBXCopyFilesBuildPhase section */
		83D911551E9C216100E1F9C7 /* CopyFiles */ = {
			isa = PBXCopyFilesBuildPhase;
			buildActionMask = 2147483647;
			dstPath = "";
			dstSubfolderSpec = 10;
			files = (
				83D911561E9C217000E1F9C7 /* OAuthSwift.framework in CopyFiles */,
			);
			runOnlyForDeploymentPostprocessing = 0;
		};
/* End PBXCopyFilesBuildPhase section */

/* Begin PBXFileReference section */
		8301F5611E9D5AB2005E7876 /* DnDInventoryManager.entitlements */ = {isa = PBXFileReference; lastKnownFileType = text.plist.entitlements; path = DnDInventoryManager.entitlements; sourceTree = "<group>"; };
		832B13A01E9D620100BD36EE /* CharactersViewController.swift */ = {isa = PBXFileReference; fileEncoding = 4; lastKnownFileType = sourcecode.swift; path = CharactersViewController.swift; sourceTree = "<group>"; };
		832B13A11E9D620100BD36EE /* CharactersViewController.xib */ = {isa = PBXFileReference; fileEncoding = 4; lastKnownFileType = file.xib; path = CharactersViewController.xib; sourceTree = "<group>"; };
		832B13A41E9D649800BD36EE /* CustomTransition.swift */ = {isa = PBXFileReference; fileEncoding = 4; lastKnownFileType = sourcecode.swift; path = CustomTransition.swift; sourceTree = "<group>"; };
		832B13A61E9D670700BD36EE /* CharacterCell.swift */ = {isa = PBXFileReference; fileEncoding = 4; lastKnownFileType = sourcecode.swift; path = CharacterCell.swift; sourceTree = "<group>"; };
		832B13A71E9D670700BD36EE /* CharacterCell.xib */ = {isa = PBXFileReference; fileEncoding = 4; lastKnownFileType = file.xib; path = CharacterCell.xib; sourceTree = "<group>"; };
		832B13AA1E9D6BFF00BD36EE /* InventoryItemCell.swift */ = {isa = PBXFileReference; fileEncoding = 4; lastKnownFileType = sourcecode.swift; path = InventoryItemCell.swift; sourceTree = "<group>"; };
		832B13AB1E9D6BFF00BD36EE /* InventoryItemCell.xib */ = {isa = PBXFileReference; fileEncoding = 4; lastKnownFileType = file.xib; path = InventoryItemCell.xib; sourceTree = "<group>"; };
		832B13AF1E9D868800BD36EE /* ItemList.swift */ = {isa = PBXFileReference; fileEncoding = 4; lastKnownFileType = sourcecode.swift; path = ItemList.swift; sourceTree = "<group>"; };
		8352CC3C1E9E86DD004E8949 /* Main.storyboard */ = {isa = PBXFileReference; fileEncoding = 4; lastKnownFileType = file.storyboard; path = Main.storyboard; sourceTree = "<group>"; };
		8352CC3E1E9E8C41004E8949 /* EditCharacterController.swift */ = {isa = PBXFileReference; fileEncoding = 4; lastKnownFileType = sourcecode.swift; path = EditCharacterController.swift; sourceTree = "<group>"; };
		8352CC401E9E95FD004E8949 /* InventoryDetailController.swift */ = {isa = PBXFileReference; fileEncoding = 4; lastKnownFileType = sourcecode.swift; path = InventoryDetailController.swift; sourceTree = "<group>"; };
		8352CC441E9EC84F004E8949 /* Post.swift */ = {isa = PBXFileReference; fileEncoding = 4; lastKnownFileType = sourcecode.swift; path = Post.swift; sourceTree = "<group>"; };
		8352CC461E9F1386004E8949 /* ItemsViewController.swift */ = {isa = PBXFileReference; fileEncoding = 4; lastKnownFileType = sourcecode.swift; path = ItemsViewController.swift; sourceTree = "<group>"; };
		8352CC481E9F1BC7004E8949 /* ItemViewCell.swift */ = {isa = PBXFileReference; fileEncoding = 4; lastKnownFileType = sourcecode.swift; name = ItemViewCell.swift; path = ../ItemViewCell.swift; sourceTree = "<group>"; };
		8352CC491E9F1BC7004E8949 /* ItemViewCell.xib */ = {isa = PBXFileReference; fileEncoding = 4; lastKnownFileType = file.xib; name = ItemViewCell.xib; path = ../ItemViewCell.xib; sourceTree = "<group>"; };
		8389DA8E1E9D8A4A007F37D5 /* CharacterCreationController.swift */ = {isa = PBXFileReference; fileEncoding = 4; lastKnownFileType = sourcecode.swift; path = CharacterCreationController.swift; sourceTree = "<group>"; };
		8389DA8F1E9D8A4A007F37D5 /* CharacterCreationController.xib */ = {isa = PBXFileReference; fileEncoding = 4; lastKnownFileType = file.xib; path = CharacterCreationController.xib; sourceTree = "<group>"; };
		83CB371E1E9BD6F400B6FEA6 /* DnDInventoryManager.app */ = {isa = PBXFileReference; explicitFileType = wrapper.application; includeInIndex = 0; path = DnDInventoryManager.app; sourceTree = BUILT_PRODUCTS_DIR; };
		83CB37211E9BD6F400B6FEA6 /* AppDelegate.swift */ = {isa = PBXFileReference; lastKnownFileType = sourcecode.swift; path = AppDelegate.swift; sourceTree = "<group>"; };
		83CB37231E9BD6F400B6FEA6 /* ViewController.swift */ = {isa = PBXFileReference; lastKnownFileType = sourcecode.swift; path = ViewController.swift; sourceTree = "<group>"; };
		83CB37281E9BD6F400B6FEA6 /* Assets.xcassets */ = {isa = PBXFileReference; lastKnownFileType = folder.assetcatalog; path = Assets.xcassets; sourceTree = "<group>"; };
		83CB372B1E9BD6F400B6FEA6 /* Base */ = {isa = PBXFileReference; lastKnownFileType = file.storyboard; name = Base; path = Base.lproj/LaunchScreen.storyboard; sourceTree = "<group>"; };
		83CB372D1E9BD6F400B6FEA6 /* Info.plist */ = {isa = PBXFileReference; lastKnownFileType = text.plist.xml; path = Info.plist; sourceTree = "<group>"; };
		83CB37371E9BE3AE00B6FEA6 /* tokens.swift */ = {isa = PBXFileReference; fileEncoding = 4; lastKnownFileType = sourcecode.swift; path = tokens.swift; sourceTree = "<group>"; };
		83CB37391E9BE65600B6FEA6 /* ObsidianPortal.swift */ = {isa = PBXFileReference; fileEncoding = 4; lastKnownFileType = sourcecode.swift; path = ObsidianPortal.swift; sourceTree = "<group>"; };
		83CB373B1E9BE7D200B6FEA6 /* User.swift */ = {isa = PBXFileReference; fileEncoding = 4; lastKnownFileType = sourcecode.swift; path = User.swift; sourceTree = "<group>"; };
		83CB373F1E9BE7FD00B6FEA6 /* Character.swift */ = {isa = PBXFileReference; fileEncoding = 4; lastKnownFileType = sourcecode.swift; path = Character.swift; sourceTree = "<group>"; };
		83D911531E9C214A00E1F9C7 /* OAuthSwift.framework */ = {isa = PBXFileReference; lastKnownFileType = wrapper.framework; path = OAuthSwift.framework; sourceTree = "<group>"; };
		83D911591E9C3FE800E1F9C7 /* FoundationExtensions.swift */ = {isa = PBXFileReference; fileEncoding = 4; lastKnownFileType = sourcecode.swift; path = FoundationExtensions.swift; sourceTree = "<group>"; };
		83D9115B1E9D375B00E1F9C7 /* ItemInventory.json */ = {isa = PBXFileReference; fileEncoding = 4; lastKnownFileType = text.json; path = ItemInventory.json; sourceTree = "<group>"; };
		83D911611E9D45D100E1F9C7 /* CharacterDetailController.swift */ = {isa = PBXFileReference; fileEncoding = 4; lastKnownFileType = sourcecode.swift; path = CharacterDetailController.swift; sourceTree = "<group>"; };
		83D911621E9D45D100E1F9C7 /* CharacterDetailController.xib */ = {isa = PBXFileReference; fileEncoding = 4; lastKnownFileType = file.xib; path = CharacterDetailController.xib; sourceTree = "<group>"; };
		83D911691E9D486500E1F9C7 /* CharacterGalleryController.swift */ = {isa = PBXFileReference; fileEncoding = 4; lastKnownFileType = sourcecode.swift; path = CharacterGalleryController.swift; sourceTree = "<group>"; };
		83D9116A1E9D486500E1F9C7 /* CharacterGalleryController.xib */ = {isa = PBXFileReference; fileEncoding = 4; lastKnownFileType = file.xib; path = CharacterGalleryController.xib; sourceTree = "<group>"; };
		83D9116D1E9D4C9F00E1F9C7 /* CharacterGalleryFlowLayout.swift */ = {isa = PBXFileReference; fileEncoding = 4; lastKnownFileType = sourcecode.swift; path = CharacterGalleryFlowLayout.swift; sourceTree = "<group>"; };
		83D911731E9D4DCC00E1F9C7 /* UIExtensions.swift */ = {isa = PBXFileReference; fileEncoding = 4; lastKnownFileType = sourcecode.swift; path = UIExtensions.swift; sourceTree = "<group>"; };
		C8523CAD1E9D47980004652C /* InventoryTableViewController.swift */ = {isa = PBXFileReference; fileEncoding = 4; lastKnownFileType = sourcecode.swift; path = InventoryTableViewController.swift; sourceTree = "<group>"; };
		C8523CAE1E9D47980004652C /* InventoryTableViewController.xib */ = {isa = PBXFileReference; fileEncoding = 4; lastKnownFileType = file.xib; path = InventoryTableViewController.xib; sourceTree = "<group>"; };
		C8523CB11E9D6E500004652C /* ItemCell.swift */ = {isa = PBXFileReference; fileEncoding = 4; lastKnownFileType = sourcecode.swift; path = ItemCell.swift; sourceTree = "<group>"; };
		EFA2EA331E9D5D2E00AFEE91 /* CloudKit.framework */ = {isa = PBXFileReference; lastKnownFileType = wrapper.framework; name = CloudKit.framework; path = System/Library/Frameworks/CloudKit.framework; sourceTree = SDKROOT; };
		EFA2EA351E9D708300AFEE91 /* CloudKit.swift */ = {isa = PBXFileReference; fileEncoding = 4; lastKnownFileType = sourcecode.swift; path = CloudKit.swift; sourceTree = "<group>"; };
		EFA2EA501E9E76AA00AFEE91 /* CampaignsTableViewController.swift */ = {isa = PBXFileReference; fileEncoding = 4; lastKnownFileType = sourcecode.swift; path = CampaignsTableViewController.swift; sourceTree = "<group>"; };
		EFA2EA511E9E76AA00AFEE91 /* CampaignsTableViewController.xib */ = {isa = PBXFileReference; fileEncoding = 4; lastKnownFileType = file.xib; path = CampaignsTableViewController.xib; sourceTree = "<group>"; };
		EFA2EA541E9E8C3000AFEE91 /* CampaignsCell.swift */ = {isa = PBXFileReference; fileEncoding = 4; lastKnownFileType = sourcecode.swift; path = CampaignsCell.swift; sourceTree = "<group>"; };
		EFA2EA551E9E8C3000AFEE91 /* CampaignsCell.xib */ = {isa = PBXFileReference; fileEncoding = 4; lastKnownFileType = file.xib; path = CampaignsCell.xib; sourceTree = "<group>"; };
		EFA7D9101E9C1869009C41DB /* Item.swift */ = {isa = PBXFileReference; fileEncoding = 4; lastKnownFileType = sourcecode.swift; path = Item.swift; sourceTree = "<group>"; };
		EFA7D9121E9C21A9009C41DB /* JSONParser.swift */ = {isa = PBXFileReference; fileEncoding = 4; lastKnownFileType = sourcecode.swift; path = JSONParser.swift; sourceTree = "<group>"; };
/* End PBXFileReference section */

/* Begin PBXFrameworksBuildPhase section */
		83CB371B1E9BD6F400B6FEA6 /* Frameworks */ = {
			isa = PBXFrameworksBuildPhase;
			buildActionMask = 2147483647;
			files = (
				83D911541E9C214A00E1F9C7 /* OAuthSwift.framework in Frameworks */,
				EFA2EA341E9D5D2E00AFEE91 /* CloudKit.framework in Frameworks */,
			);
			runOnlyForDeploymentPostprocessing = 0;
		};
/* End PBXFrameworksBuildPhase section */

/* Begin PBXGroup section */
		832B13AE1E9D6C4700BD36EE /* Deprecated */ = {
			isa = PBXGroup;
			children = (
				8352CC441E9EC84F004E8949 /* Post.swift */,
				832B13AF1E9D868800BD36EE /* ItemList.swift */,
				EFA2EA541E9E8C3000AFEE91 /* CampaignsCell.swift */,
				C8523CB11E9D6E500004652C /* ItemCell.swift */,
				832B13A11E9D620100BD36EE /* CharactersViewController.xib */,
				83D911621E9D45D100E1F9C7 /* CharacterDetailController.xib */,
				8389DA8F1E9D8A4A007F37D5 /* CharacterCreationController.xib */,
				83CB37371E9BE3AE00B6FEA6 /* tokens.swift */,
				83D911691E9D486500E1F9C7 /* CharacterGalleryController.swift */,
				83D9116D1E9D4C9F00E1F9C7 /* CharacterGalleryFlowLayout.swift */,
				83D9116A1E9D486500E1F9C7 /* CharacterGalleryController.xib */,
				83CB37391E9BE65600B6FEA6 /* ObsidianPortal.swift */,
			);
			name = Deprecated;
			path = DnDInventoryManager;
			sourceTree = "<group>";
		};
		83CB37151E9BD6F400B6FEA6 = {
			isa = PBXGroup;
			children = (
				83CB37201E9BD6F400B6FEA6 /* DnDInventoryManager */,
				832B13AE1E9D6C4700BD36EE /* Deprecated */,
				83CB371F1E9BD6F400B6FEA6 /* Products */,
				83D911531E9C214A00E1F9C7 /* OAuthSwift.framework */,
				EFA2EA321E9D5D2E00AFEE91 /* Frameworks */,
			);
			sourceTree = "<group>";
		};
		83CB371F1E9BD6F400B6FEA6 /* Products */ = {
			isa = PBXGroup;
			children = (
				83CB371E1E9BD6F400B6FEA6 /* DnDInventoryManager.app */,
			);
			name = Products;
			sourceTree = "<group>";
		};
		83CB37201E9BD6F400B6FEA6 /* DnDInventoryManager */ = {
			isa = PBXGroup;
			children = (
				8301F5611E9D5AB2005E7876 /* DnDInventoryManager.entitlements */,
				83CB37331E9BE34400B6FEA6 /* Model */,
				83CB37341E9BE35300B6FEA6 /* View */,
				83CB37351E9BE35800B6FEA6 /* Controller */,
				83CB37361E9BE35D00B6FEA6 /* Support */,
			);
			path = DnDInventoryManager;
			sourceTree = "<group>";
		};
		83CB37331E9BE34400B6FEA6 /* Model */ = {
			isa = PBXGroup;
			children = (
				832B13A61E9D670700BD36EE /* CharacterCell.swift */,
				83CB373F1E9BE7FD00B6FEA6 /* Character.swift */,
				EFA2EA351E9D708300AFEE91 /* CloudKit.swift */,
				83D911591E9C3FE800E1F9C7 /* FoundationExtensions.swift */,
				832B13AA1E9D6BFF00BD36EE /* InventoryItemCell.swift */,
				EFA7D9101E9C1869009C41DB /* Item.swift */,
				83D9115B1E9D375B00E1F9C7 /* ItemInventory.json */,
				8352CC481E9F1BC7004E8949 /* ItemViewCell.swift */,
				EFA7D9121E9C21A9009C41DB /* JSONParser.swift */,
				83D911731E9D4DCC00E1F9C7 /* UIExtensions.swift */,
				83CB373B1E9BE7D200B6FEA6 /* User.swift */,
			);
			name = Model;
			sourceTree = "<group>";
		};
		83CB37341E9BE35300B6FEA6 /* View */ = {
			isa = PBXGroup;
			children = (
				8352CC491E9F1BC7004E8949 /* ItemViewCell.xib */,
				EFA2EA551E9E8C3000AFEE91 /* CampaignsCell.xib */,
				832B13A71E9D670700BD36EE /* CharacterCell.xib */,
				832B13A41E9D649800BD36EE /* CustomTransition.swift */,
				8352CC3C1E9E86DD004E8949 /* Main.storyboard */,
				83CB372A1E9BD6F400B6FEA6 /* LaunchScreen.storyboard */,
				C8523CAE1E9D47980004652C /* InventoryTableViewController.xib */,
				EFA2EA511E9E76AA00AFEE91 /* CampaignsTableViewController.xib */,
				832B13AB1E9D6BFF00BD36EE /* InventoryItemCell.xib */,
			);
			name = View;
			sourceTree = "<group>";
		};
		83CB37351E9BE35800B6FEA6 /* Controller */ = {
			isa = PBXGroup;
			children = (
				83CB37231E9BD6F400B6FEA6 /* ViewController.swift */,
				C8523CAD1E9D47980004652C /* InventoryTableViewController.swift */,
				EFA2EA501E9E76AA00AFEE91 /* CampaignsTableViewController.swift */,
				83D911611E9D45D100E1F9C7 /* CharacterDetailController.swift */,
				832B13A01E9D620100BD36EE /* CharactersViewController.swift */,
				8389DA8E1E9D8A4A007F37D5 /* CharacterCreationController.swift */,
				8352CC3E1E9E8C41004E8949 /* EditCharacterController.swift */,
				8352CC401E9E95FD004E8949 /* InventoryDetailController.swift */,
				8352CC461E9F1386004E8949 /* ItemsViewController.swift */,
			);
			name = Controller;
			sourceTree = "<group>";
		};
		83CB37361E9BE35D00B6FEA6 /* Support */ = {
			isa = PBXGroup;
			children = (
				83CB372D1E9BD6F400B6FEA6 /* Info.plist */,
				83CB37281E9BD6F400B6FEA6 /* Assets.xcassets */,
				83CB37211E9BD6F400B6FEA6 /* AppDelegate.swift */,
			);
			name = Support;
			sourceTree = "<group>";
		};
		EFA2EA321E9D5D2E00AFEE91 /* Frameworks */ = {
			isa = PBXGroup;
			children = (
				EFA2EA331E9D5D2E00AFEE91 /* CloudKit.framework */,
			);
			name = Frameworks;
			sourceTree = "<group>";
		};
/* End PBXGroup section */

/* Begin PBXNativeTarget section */
		83CB371D1E9BD6F400B6FEA6 /* DnDInventoryManager */ = {
			isa = PBXNativeTarget;
			buildConfigurationList = 83CB37301E9BD6F400B6FEA6 /* Build configuration list for PBXNativeTarget "DnDInventoryManager" */;
			buildPhases = (
				83CB371A1E9BD6F400B6FEA6 /* Sources */,
				83CB371B1E9BD6F400B6FEA6 /* Frameworks */,
				83CB371C1E9BD6F400B6FEA6 /* Resources */,
				83D911551E9C216100E1F9C7 /* CopyFiles */,
			);
			buildRules = (
			);
			dependencies = (
			);
			name = DnDInventoryManager;
			productName = DnDInventoryManager;
			productReference = 83CB371E1E9BD6F400B6FEA6 /* DnDInventoryManager.app */;
			productType = "com.apple.product-type.application";
		};
/* End PBXNativeTarget section */

/* Begin PBXProject section */
		83CB37161E9BD6F400B6FEA6 /* Project object */ = {
			isa = PBXProject;
			attributes = {
				LastSwiftUpdateCheck = 0830;
				LastUpgradeCheck = 0830;
				ORGANIZATIONNAME = "Mike Miksch";
				TargetAttributes = {
					83CB371D1E9BD6F400B6FEA6 = {
						CreatedOnToolsVersion = 8.3.1;
						DevelopmentTeam = 77479ZW9G2;
						ProvisioningStyle = Automatic;
						SystemCapabilities = {
							com.apple.Push = {
								enabled = 0;
							};
							com.apple.iCloud = {
								enabled = 1;
							};
						};
					};
				};
			};
			buildConfigurationList = 83CB37191E9BD6F400B6FEA6 /* Build configuration list for PBXProject "DnDInventoryManager" */;
			compatibilityVersion = "Xcode 3.2";
			developmentRegion = English;
			hasScannedForEncodings = 0;
			knownRegions = (
				en,
				Base,
			);
			mainGroup = 83CB37151E9BD6F400B6FEA6;
			productRefGroup = 83CB371F1E9BD6F400B6FEA6 /* Products */;
			projectDirPath = "";
			projectRoot = "";
			targets = (
				83CB371D1E9BD6F400B6FEA6 /* DnDInventoryManager */,
			);
		};
/* End PBXProject section */

/* Begin PBXResourcesBuildPhase section */
		83CB371C1E9BD6F400B6FEA6 /* Resources */ = {
			isa = PBXResourcesBuildPhase;
			buildActionMask = 2147483647;
			files = (
				83D9115C1E9D375B00E1F9C7 /* ItemInventory.json in Resources */,
				8352CC4B1E9F1BC7004E8949 /* ItemViewCell.xib in Resources */,
				C8523CB01E9D47980004652C /* InventoryTableViewController.xib in Resources */,
				83D911641E9D45D100E1F9C7 /* CharacterDetailController.xib in Resources */,
				83D9116C1E9D486500E1F9C7 /* CharacterGalleryController.xib in Resources */,
				832B13AD1E9D6BFF00BD36EE /* InventoryItemCell.xib in Resources */,
				EFA2EA571E9E8C3000AFEE91 /* CampaignsCell.xib in Resources */,
				8389DA911E9D8A4A007F37D5 /* CharacterCreationController.xib in Resources */,
				83CB372C1E9BD6F400B6FEA6 /* LaunchScreen.storyboard in Resources */,
				832B13A31E9D620100BD36EE /* CharactersViewController.xib in Resources */,
				83CB37291E9BD6F400B6FEA6 /* Assets.xcassets in Resources */,
				EFA2EA531E9E76AA00AFEE91 /* CampaignsTableViewController.xib in Resources */,
				8352CC3D1E9E86DD004E8949 /* Main.storyboard in Resources */,
				832B13A91E9D670700BD36EE /* CharacterCell.xib in Resources */,
			);
			runOnlyForDeploymentPostprocessing = 0;
		};
/* End PBXResourcesBuildPhase section */

/* Begin PBXSourcesBuildPhase section */
		83CB371A1E9BD6F400B6FEA6 /* Sources */ = {
			isa = PBXSourcesBuildPhase;
			buildActionMask = 2147483647;
			files = (
				8352CC3F1E9E8C41004E8949 /* EditCharacterController.swift in Sources */,
				83CB37381E9BE3AE00B6FEA6 /* tokens.swift in Sources */,
				EFA2EA361E9D708300AFEE91 /* CloudKit.swift in Sources */,
				8352CC411E9E95FD004E8949 /* InventoryDetailController.swift in Sources */,
				C8523CAF1E9D47980004652C /* InventoryTableViewController.swift in Sources */,
				EFA2EA521E9E76AA00AFEE91 /* CampaignsTableViewController.swift in Sources */,
				83CB37401E9BE7FD00B6FEA6 /* Character.swift in Sources */,
				83D911741E9D4DCC00E1F9C7 /* UIExtensions.swift in Sources */,
				83D9115A1E9C3FE800E1F9C7 /* FoundationExtensions.swift in Sources */,
				83D9116B1E9D486500E1F9C7 /* CharacterGalleryController.swift in Sources */,
				8389DA901E9D8A4A007F37D5 /* CharacterCreationController.swift in Sources */,
				EFA7D9111E9C1869009C41DB /* Item.swift in Sources */,
				EFA2EA561E9E8C3000AFEE91 /* CampaignsCell.swift in Sources */,
				832B13AC1E9D6BFF00BD36EE /* InventoryItemCell.swift in Sources */,
				832B13A21E9D620100BD36EE /* CharactersViewController.swift in Sources */,
				83D911631E9D45D100E1F9C7 /* CharacterDetailController.swift in Sources */,
				83CB37241E9BD6F400B6FEA6 /* ViewController.swift in Sources */,
				EFA7D9131E9C21A9009C41DB /* JSONParser.swift in Sources */,
				C8523CB21E9D6E510004652C /* ItemCell.swift in Sources */,
				8352CC4A1E9F1BC7004E8949 /* ItemViewCell.swift in Sources */,
				832B13A51E9D649800BD36EE /* CustomTransition.swift in Sources */,
				832B13A81E9D670700BD36EE /* CharacterCell.swift in Sources */,
				83CB37221E9BD6F400B6FEA6 /* AppDelegate.swift in Sources */,
				83D9116E1E9D4C9F00E1F9C7 /* CharacterGalleryFlowLayout.swift in Sources */,
				83CB373C1E9BE7D200B6FEA6 /* User.swift in Sources */,
				8352CC451E9EC84F004E8949 /* Post.swift in Sources */,
				8352CC471E9F1386004E8949 /* ItemsViewController.swift in Sources */,
				832B13B01E9D868800BD36EE /* ItemList.swift in Sources */,
				83CB373A1E9BE65600B6FEA6 /* ObsidianPortal.swift in Sources */,
			);
			runOnlyForDeploymentPostprocessing = 0;
		};
/* End PBXSourcesBuildPhase section */

/* Begin PBXVariantGroup section */
		83CB372A1E9BD6F400B6FEA6 /* LaunchScreen.storyboard */ = {
			isa = PBXVariantGroup;
			children = (
				83CB372B1E9BD6F400B6FEA6 /* Base */,
			);
			name = LaunchScreen.storyboard;
			sourceTree = "<group>";
		};
/* End PBXVariantGroup section */

/* Begin XCBuildConfiguration section */
		83CB372E1E9BD6F400B6FEA6 /* Debug */ = {
			isa = XCBuildConfiguration;
			buildSettings = {
				ALWAYS_SEARCH_USER_PATHS = NO;
				CLANG_ANALYZER_NONNULL = YES;
				CLANG_ANALYZER_NUMBER_OBJECT_CONVERSION = YES_AGGRESSIVE;
				CLANG_CXX_LANGUAGE_STANDARD = "gnu++0x";
				CLANG_CXX_LIBRARY = "libc++";
				CLANG_ENABLE_MODULES = YES;
				CLANG_ENABLE_OBJC_ARC = YES;
				CLANG_WARN_BOOL_CONVERSION = YES;
				CLANG_WARN_CONSTANT_CONVERSION = YES;
				CLANG_WARN_DIRECT_OBJC_ISA_USAGE = YES_ERROR;
				CLANG_WARN_DOCUMENTATION_COMMENTS = YES;
				CLANG_WARN_EMPTY_BODY = YES;
				CLANG_WARN_ENUM_CONVERSION = YES;
				CLANG_WARN_INFINITE_RECURSION = YES;
				CLANG_WARN_INT_CONVERSION = YES;
				CLANG_WARN_OBJC_ROOT_CLASS = YES_ERROR;
				CLANG_WARN_SUSPICIOUS_MOVE = YES;
				CLANG_WARN_UNREACHABLE_CODE = YES;
				CLANG_WARN__DUPLICATE_METHOD_MATCH = YES;
				"CODE_SIGN_IDENTITY[sdk=iphoneos*]" = "iPhone Developer";
				COPY_PHASE_STRIP = NO;
				DEBUG_INFORMATION_FORMAT = dwarf;
				ENABLE_STRICT_OBJC_MSGSEND = YES;
				ENABLE_TESTABILITY = YES;
				GCC_C_LANGUAGE_STANDARD = gnu99;
				GCC_DYNAMIC_NO_PIC = NO;
				GCC_NO_COMMON_BLOCKS = YES;
				GCC_OPTIMIZATION_LEVEL = 0;
				GCC_PREPROCESSOR_DEFINITIONS = (
					"DEBUG=1",
					"$(inherited)",
				);
				GCC_WARN_64_TO_32_BIT_CONVERSION = YES;
				GCC_WARN_ABOUT_RETURN_TYPE = YES_ERROR;
				GCC_WARN_UNDECLARED_SELECTOR = YES;
				GCC_WARN_UNINITIALIZED_AUTOS = YES_AGGRESSIVE;
				GCC_WARN_UNUSED_FUNCTION = YES;
				GCC_WARN_UNUSED_VARIABLE = YES;
				IPHONEOS_DEPLOYMENT_TARGET = 10.3;
				MTL_ENABLE_DEBUG_INFO = YES;
				ONLY_ACTIVE_ARCH = YES;
				SDKROOT = iphoneos;
				SWIFT_ACTIVE_COMPILATION_CONDITIONS = DEBUG;
				SWIFT_OPTIMIZATION_LEVEL = "-Onone";
			};
			name = Debug;
		};
		83CB372F1E9BD6F400B6FEA6 /* Release */ = {
			isa = XCBuildConfiguration;
			buildSettings = {
				ALWAYS_SEARCH_USER_PATHS = NO;
				CLANG_ANALYZER_NONNULL = YES;
				CLANG_ANALYZER_NUMBER_OBJECT_CONVERSION = YES_AGGRESSIVE;
				CLANG_CXX_LANGUAGE_STANDARD = "gnu++0x";
				CLANG_CXX_LIBRARY = "libc++";
				CLANG_ENABLE_MODULES = YES;
				CLANG_ENABLE_OBJC_ARC = YES;
				CLANG_WARN_BOOL_CONVERSION = YES;
				CLANG_WARN_CONSTANT_CONVERSION = YES;
				CLANG_WARN_DIRECT_OBJC_ISA_USAGE = YES_ERROR;
				CLANG_WARN_DOCUMENTATION_COMMENTS = YES;
				CLANG_WARN_EMPTY_BODY = YES;
				CLANG_WARN_ENUM_CONVERSION = YES;
				CLANG_WARN_INFINITE_RECURSION = YES;
				CLANG_WARN_INT_CONVERSION = YES;
				CLANG_WARN_OBJC_ROOT_CLASS = YES_ERROR;
				CLANG_WARN_SUSPICIOUS_MOVE = YES;
				CLANG_WARN_UNREACHABLE_CODE = YES;
				CLANG_WARN__DUPLICATE_METHOD_MATCH = YES;
				"CODE_SIGN_IDENTITY[sdk=iphoneos*]" = "iPhone Developer";
				COPY_PHASE_STRIP = NO;
				DEBUG_INFORMATION_FORMAT = "dwarf-with-dsym";
				ENABLE_NS_ASSERTIONS = NO;
				ENABLE_STRICT_OBJC_MSGSEND = YES;
				GCC_C_LANGUAGE_STANDARD = gnu99;
				GCC_NO_COMMON_BLOCKS = YES;
				GCC_WARN_64_TO_32_BIT_CONVERSION = YES;
				GCC_WARN_ABOUT_RETURN_TYPE = YES_ERROR;
				GCC_WARN_UNDECLARED_SELECTOR = YES;
				GCC_WARN_UNINITIALIZED_AUTOS = YES_AGGRESSIVE;
				GCC_WARN_UNUSED_FUNCTION = YES;
				GCC_WARN_UNUSED_VARIABLE = YES;
				IPHONEOS_DEPLOYMENT_TARGET = 10.3;
				MTL_ENABLE_DEBUG_INFO = NO;
				SDKROOT = iphoneos;
				SWIFT_OPTIMIZATION_LEVEL = "-Owholemodule";
				VALIDATE_PRODUCT = YES;
			};
			name = Release;
		};
		83CB37311E9BD6F400B6FEA6 /* Debug */ = {
			isa = XCBuildConfiguration;
			buildSettings = {
				ASSETCATALOG_COMPILER_APPICON_NAME = AppIcon;
				CODE_SIGN_ENTITLEMENTS = DnDInventoryManager/DnDInventoryManager.entitlements;
				DEVELOPMENT_TEAM = 77479ZW9G2;
				FRAMEWORK_SEARCH_PATHS = (
					"$(inherited)",
					"$(PROJECT_DIR)",
				);
				INFOPLIST_FILE = DnDInventoryManager/Info.plist;
				LD_RUNPATH_SEARCH_PATHS = "$(inherited) @executable_path/Frameworks";
				PRODUCT_BUNDLE_IDENTIFIER = "com.mikemiksch.DnDInventoryManagers-adrian";
				PRODUCT_NAME = "$(TARGET_NAME)";
				SWIFT_VERSION = 3.0;
			};
			name = Debug;
		};
		83CB37321E9BD6F400B6FEA6 /* Release */ = {
			isa = XCBuildConfiguration;
			buildSettings = {
				ASSETCATALOG_COMPILER_APPICON_NAME = AppIcon;
				CODE_SIGN_ENTITLEMENTS = DnDInventoryManager/DnDInventoryManager.entitlements;
				DEVELOPMENT_TEAM = 77479ZW9G2;
				FRAMEWORK_SEARCH_PATHS = (
					"$(inherited)",
					"$(PROJECT_DIR)",
				);
				INFOPLIST_FILE = DnDInventoryManager/Info.plist;
				LD_RUNPATH_SEARCH_PATHS = "$(inherited) @executable_path/Frameworks";
				PRODUCT_BUNDLE_IDENTIFIER = "com.mikemiksch.DnDInventoryManagers-adrian";
				PRODUCT_NAME = "$(TARGET_NAME)";
				SWIFT_VERSION = 3.0;
			};
			name = Release;
		};
/* End XCBuildConfiguration section */

/* Begin XCConfigurationList section */
		83CB37191E9BD6F400B6FEA6 /* Build configuration list for PBXProject "DnDInventoryManager" */ = {
			isa = XCConfigurationList;
			buildConfigurations = (
				83CB372E1E9BD6F400B6FEA6 /* Debug */,
				83CB372F1E9BD6F400B6FEA6 /* Release */,
			);
			defaultConfigurationIsVisible = 0;
			defaultConfigurationName = Release;
		};
		83CB37301E9BD6F400B6FEA6 /* Build configuration list for PBXNativeTarget "DnDInventoryManager" */ = {
			isa = XCConfigurationList;
			buildConfigurations = (
				83CB37311E9BD6F400B6FEA6 /* Debug */,
				83CB37321E9BD6F400B6FEA6 /* Release */,
			);
			defaultConfigurationIsVisible = 0;
			defaultConfigurationName = Release;
		};
/* End XCConfigurationList section */
	};
	rootObject = 83CB37161E9BD6F400B6FEA6 /* Project object */;
}
